// !$*UTF8*$!
{
	archiveVersion = 1;
	classes = {
	};
	objectVersion = 50;
	objects = {

/* Begin PBXBuildFile section */
		5039EA57918984FF34C4ADF6 /* Pods_TubiTests.framework in Frameworks */ = {isa = PBXBuildFile; fileRef = CBFCD078BE4328ECB3181784 /* Pods_TubiTests.framework */; };
		83910AB4E6E8943D7C5AEB8E /* Pods_Tubi.framework in Frameworks */ = {isa = PBXBuildFile; fileRef = D8C7C19658B6E2C0C16A7ABD /* Pods_Tubi.framework */; };
		C8056E322249EA1F00CEEE24 /* MovieCollectionViewCell.swift in Sources */ = {isa = PBXBuildFile; fileRef = C8056E312249EA1F00CEEE24 /* MovieCollectionViewCell.swift */; };
		C8056E352249F0AA00CEEE24 /* UIImageViewExtensions.swift in Sources */ = {isa = PBXBuildFile; fileRef = C8056E342249F0AA00CEEE24 /* UIImageViewExtensions.swift */; };
		C8056E382249F38800CEEE24 /* MovieItem.swift in Sources */ = {isa = PBXBuildFile; fileRef = C8056E372249F38800CEEE24 /* MovieItem.swift */; };
		C8056E3A2249F9B300CEEE24 /* MovieDetailViewController.swift in Sources */ = {isa = PBXBuildFile; fileRef = C8056E392249F9B300CEEE24 /* MovieDetailViewController.swift */; };
		C8103D6A224C95A1001D2E28 /* MovieService.swift in Sources */ = {isa = PBXBuildFile; fileRef = C8103D69224C95A1001D2E28 /* MovieService.swift */; };
		C8103D6C224C95DD001D2E28 /* MovieCaching.swift in Sources */ = {isa = PBXBuildFile; fileRef = C8103D6B224C95DD001D2E28 /* MovieCaching.swift */; };
		C8103D6E224CA086001D2E28 /* Services.swift in Sources */ = {isa = PBXBuildFile; fileRef = C8103D6D224CA086001D2E28 /* Services.swift */; };
		C8103D70224CAF06001D2E28 /* UIAlertControllerExtensions.swift in Sources */ = {isa = PBXBuildFile; fileRef = C8103D6F224CAF06001D2E28 /* UIAlertControllerExtensions.swift */; };
		C8103D72224CB238001D2E28 /* UIViewControllerExtensions.swift in Sources */ = {isa = PBXBuildFile; fileRef = C8103D71224CB238001D2E28 /* UIViewControllerExtensions.swift */; };
		C8516E382249D588001E7A6C /* AppDelegate.swift in Sources */ = {isa = PBXBuildFile; fileRef = C8516E372249D588001E7A6C /* AppDelegate.swift */; };
		C8516E3F2249D58B001E7A6C /* Assets.xcassets in Resources */ = {isa = PBXBuildFile; fileRef = C8516E3E2249D58B001E7A6C /* Assets.xcassets */; };
		C8516E422249D58B001E7A6C /* LaunchScreen.storyboard in Resources */ = {isa = PBXBuildFile; fileRef = C8516E402249D58B001E7A6C /* LaunchScreen.storyboard */; };
		C8516E4D2249D58B001E7A6C /* LRUCacheTests.swift in Sources */ = {isa = PBXBuildFile; fileRef = C8516E4C2249D58B001E7A6C /* LRUCacheTests.swift */; };
		C8516E582249D72C001E7A6C /* LRUCache.swift in Sources */ = {isa = PBXBuildFile; fileRef = C8516E572249D72C001E7A6C /* LRUCache.swift */; };
		C8516E602249DFB9001E7A6C /* TubiAPI.swift in Sources */ = {isa = PBXBuildFile; fileRef = C8516E5F2249DFB9001E7A6C /* TubiAPI.swift */; };
		C8516E622249E819001E7A6C /* MoviesViewController.swift in Sources */ = {isa = PBXBuildFile; fileRef = C8516E612249E819001E7A6C /* MoviesViewController.swift */; };
/* End PBXBuildFile section */

/* Begin PBXContainerItemProxy section */
		C8516E492249D58B001E7A6C /* PBXContainerItemProxy */ = {
			isa = PBXContainerItemProxy;
			containerPortal = C8516E2C2249D588001E7A6C /* Project object */;
			proxyType = 1;
			remoteGlobalIDString = C8516E332249D588001E7A6C;
			remoteInfo = Tubi;
		};
/* End PBXContainerItemProxy section */

/* Begin PBXFileReference section */
		2F9810D78F549921F8B47EF8 /* Pods-TubiTests.release.xcconfig */ = {isa = PBXFileReference; includeInIndex = 1; lastKnownFileType = text.xcconfig; name = "Pods-TubiTests.release.xcconfig"; path = "Target Support Files/Pods-TubiTests/Pods-TubiTests.release.xcconfig"; sourceTree = "<group>"; };
		4D4915C1924D2306F2C7BFDB /* Pods-Tubi.debug.xcconfig */ = {isa = PBXFileReference; includeInIndex = 1; lastKnownFileType = text.xcconfig; name = "Pods-Tubi.debug.xcconfig"; path = "Target Support Files/Pods-Tubi/Pods-Tubi.debug.xcconfig"; sourceTree = "<group>"; };
		563B3D4BE66CB17DF2D3F947 /* Pods-Tubi.release.xcconfig */ = {isa = PBXFileReference; includeInIndex = 1; lastKnownFileType = text.xcconfig; name = "Pods-Tubi.release.xcconfig"; path = "Target Support Files/Pods-Tubi/Pods-Tubi.release.xcconfig"; sourceTree = "<group>"; };
		B415B2D5FA3E9FAB6C8D1A0A /* Pods-TubiTests.debug.xcconfig */ = {isa = PBXFileReference; includeInIndex = 1; lastKnownFileType = text.xcconfig; name = "Pods-TubiTests.debug.xcconfig"; path = "Target Support Files/Pods-TubiTests/Pods-TubiTests.debug.xcconfig"; sourceTree = "<group>"; };
		C8056E312249EA1F00CEEE24 /* MovieCollectionViewCell.swift */ = {isa = PBXFileReference; lastKnownFileType = sourcecode.swift; path = MovieCollectionViewCell.swift; sourceTree = "<group>"; };
		C8056E342249F0AA00CEEE24 /* UIImageViewExtensions.swift */ = {isa = PBXFileReference; lastKnownFileType = sourcecode.swift; path = UIImageViewExtensions.swift; sourceTree = "<group>"; };
		C8056E372249F38800CEEE24 /* MovieItem.swift */ = {isa = PBXFileReference; lastKnownFileType = sourcecode.swift; path = MovieItem.swift; sourceTree = "<group>"; };
		C8056E392249F9B300CEEE24 /* MovieDetailViewController.swift */ = {isa = PBXFileReference; lastKnownFileType = sourcecode.swift; path = MovieDetailViewController.swift; sourceTree = "<group>"; };
		C8103D69224C95A1001D2E28 /* MovieService.swift */ = {isa = PBXFileReference; lastKnownFileType = sourcecode.swift; path = MovieService.swift; sourceTree = "<group>"; };
		C8103D6B224C95DD001D2E28 /* MovieCaching.swift */ = {isa = PBXFileReference; lastKnownFileType = sourcecode.swift; path = MovieCaching.swift; sourceTree = "<group>"; };
		C8103D6D224CA086001D2E28 /* Services.swift */ = {isa = PBXFileReference; lastKnownFileType = sourcecode.swift; path = Services.swift; sourceTree = "<group>"; };
		C8103D6F224CAF06001D2E28 /* UIAlertControllerExtensions.swift */ = {isa = PBXFileReference; lastKnownFileType = sourcecode.swift; path = UIAlertControllerExtensions.swift; sourceTree = "<group>"; };
		C8103D71224CB238001D2E28 /* UIViewControllerExtensions.swift */ = {isa = PBXFileReference; lastKnownFileType = sourcecode.swift; path = UIViewControllerExtensions.swift; sourceTree = "<group>"; };
		C8516E342249D588001E7A6C /* Tubi.app */ = {isa = PBXFileReference; explicitFileType = wrapper.application; includeInIndex = 0; path = Tubi.app; sourceTree = BUILT_PRODUCTS_DIR; };
		C8516E372249D588001E7A6C /* AppDelegate.swift */ = {isa = PBXFileReference; lastKnownFileType = sourcecode.swift; path = AppDelegate.swift; sourceTree = "<group>"; };
		C8516E3E2249D58B001E7A6C /* Assets.xcassets */ = {isa = PBXFileReference; lastKnownFileType = folder.assetcatalog; path = Assets.xcassets; sourceTree = "<group>"; };
		C8516E412249D58B001E7A6C /* Base */ = {isa = PBXFileReference; lastKnownFileType = file.storyboard; name = Base; path = Base.lproj/LaunchScreen.storyboard; sourceTree = "<group>"; };
		C8516E432249D58B001E7A6C /* Info.plist */ = {isa = PBXFileReference; lastKnownFileType = text.plist.xml; path = Info.plist; sourceTree = "<group>"; };
		C8516E482249D58B001E7A6C /* TubiTests.xctest */ = {isa = PBXFileReference; explicitFileType = wrapper.cfbundle; includeInIndex = 0; path = TubiTests.xctest; sourceTree = BUILT_PRODUCTS_DIR; };
		C8516E4C2249D58B001E7A6C /* LRUCacheTests.swift */ = {isa = PBXFileReference; lastKnownFileType = sourcecode.swift; path = LRUCacheTests.swift; sourceTree = "<group>"; };
		C8516E4E2249D58B001E7A6C /* Info.plist */ = {isa = PBXFileReference; lastKnownFileType = text.plist.xml; path = Info.plist; sourceTree = "<group>"; };
		C8516E572249D72C001E7A6C /* LRUCache.swift */ = {isa = PBXFileReference; lastKnownFileType = sourcecode.swift; path = LRUCache.swift; sourceTree = "<group>"; };
		C8516E5F2249DFB9001E7A6C /* TubiAPI.swift */ = {isa = PBXFileReference; lastKnownFileType = sourcecode.swift; path = TubiAPI.swift; sourceTree = "<group>"; };
		C8516E612249E819001E7A6C /* MoviesViewController.swift */ = {isa = PBXFileReference; fileEncoding = 4; lastKnownFileType = sourcecode.swift; path = MoviesViewController.swift; sourceTree = "<group>"; };
		CBFCD078BE4328ECB3181784 /* Pods_TubiTests.framework */ = {isa = PBXFileReference; explicitFileType = wrapper.framework; includeInIndex = 0; path = Pods_TubiTests.framework; sourceTree = BUILT_PRODUCTS_DIR; };
		D8C7C19658B6E2C0C16A7ABD /* Pods_Tubi.framework */ = {isa = PBXFileReference; explicitFileType = wrapper.framework; includeInIndex = 0; path = Pods_Tubi.framework; sourceTree = BUILT_PRODUCTS_DIR; };
/* End PBXFileReference section */

/* Begin PBXFrameworksBuildPhase section */
		C8516E312249D588001E7A6C /* Frameworks */ = {
			isa = PBXFrameworksBuildPhase;
			buildActionMask = 2147483647;
			files = (
				83910AB4E6E8943D7C5AEB8E /* Pods_Tubi.framework in Frameworks */,
			);
			runOnlyForDeploymentPostprocessing = 0;
		};
		C8516E452249D58B001E7A6C /* Frameworks */ = {
			isa = PBXFrameworksBuildPhase;
			buildActionMask = 2147483647;
			files = (
				5039EA57918984FF34C4ADF6 /* Pods_TubiTests.framework in Frameworks */,
			);
			runOnlyForDeploymentPostprocessing = 0;
		};
/* End PBXFrameworksBuildPhase section */

/* Begin PBXGroup section */
		1FC09901BDB10559FB8E7C5F /* Pods */ = {
			isa = PBXGroup;
			children = (
				4D4915C1924D2306F2C7BFDB /* Pods-Tubi.debug.xcconfig */,
				563B3D4BE66CB17DF2D3F947 /* Pods-Tubi.release.xcconfig */,
				B415B2D5FA3E9FAB6C8D1A0A /* Pods-TubiTests.debug.xcconfig */,
				2F9810D78F549921F8B47EF8 /* Pods-TubiTests.release.xcconfig */,
			);
			path = Pods;
			sourceTree = "<group>";
		};
		4F7FFD01653ECBED76AB0105 /* Frameworks */ = {
			isa = PBXGroup;
			children = (
				D8C7C19658B6E2C0C16A7ABD /* Pods_Tubi.framework */,
				CBFCD078BE4328ECB3181784 /* Pods_TubiTests.framework */,
			);
			name = Frameworks;
			sourceTree = "<group>";
		};
		C8056E302249EA0400CEEE24 /* Cells */ = {
			isa = PBXGroup;
			children = (
				C8056E312249EA1F00CEEE24 /* MovieCollectionViewCell.swift */,
			);
			path = Cells;
			sourceTree = "<group>";
		};
		C8056E332249F09700CEEE24 /* Extensions */ = {
			isa = PBXGroup;
			children = (
				C8056E342249F0AA00CEEE24 /* UIImageViewExtensions.swift */,
				C8103D6F224CAF06001D2E28 /* UIAlertControllerExtensions.swift */,
				C8103D71224CB238001D2E28 /* UIViewControllerExtensions.swift */,
			);
			path = Extensions;
			sourceTree = "<group>";
		};
		C8056E362249F35900CEEE24 /* Models */ = {
			isa = PBXGroup;
			children = (
				C8056E372249F38800CEEE24 /* MovieItem.swift */,
			);
			path = Models;
			sourceTree = "<group>";
		};
		C8103D68224C9585001D2E28 /* Services */ = {
			isa = PBXGroup;
			children = (
				C8103D69224C95A1001D2E28 /* MovieService.swift */,
				C8103D6B224C95DD001D2E28 /* MovieCaching.swift */,
				C8103D6D224CA086001D2E28 /* Services.swift */,
			);
			path = Services;
			sourceTree = "<group>";
		};
		C8516E2B2249D588001E7A6C = {
			isa = PBXGroup;
			children = (
				C8516E362249D588001E7A6C /* Tubi */,
				C8516E4B2249D58B001E7A6C /* TubiTests */,
				C8516E352249D588001E7A6C /* Products */,
				1FC09901BDB10559FB8E7C5F /* Pods */,
				4F7FFD01653ECBED76AB0105 /* Frameworks */,
			);
			sourceTree = "<group>";
		};
		C8516E352249D588001E7A6C /* Products */ = {
			isa = PBXGroup;
			children = (
				C8516E342249D588001E7A6C /* Tubi.app */,
				C8516E482249D58B001E7A6C /* TubiTests.xctest */,
			);
			name = Products;
			sourceTree = "<group>";
		};
		C8516E362249D588001E7A6C /* Tubi */ = {
			isa = PBXGroup;
			children = (
				C8516E372249D588001E7A6C /* AppDelegate.swift */,
				C8056E302249EA0400CEEE24 /* Cells */,
				C8516E5B2249DA0F001E7A6C /* Data Structures */,
				C8056E332249F09700CEEE24 /* Extensions */,
				C8056E362249F35900CEEE24 /* Models */,
				C8516E5C2249DA29001E7A6C /* Network */,
				C8516E5A2249D9ED001E7A6C /* Resources */,
				C8103D68224C9585001D2E28 /* Services */,
				C8516E592249D9DB001E7A6C /* View Controllers */,
			);
			path = Tubi;
			sourceTree = "<group>";
		};
		C8516E4B2249D58B001E7A6C /* TubiTests */ = {
			isa = PBXGroup;
			children = (
				C8516E4C2249D58B001E7A6C /* LRUCacheTests.swift */,
				C8516E4E2249D58B001E7A6C /* Info.plist */,
			);
			path = TubiTests;
			sourceTree = "<group>";
		};
		C8516E592249D9DB001E7A6C /* View Controllers */ = {
			isa = PBXGroup;
			children = (
				C8516E612249E819001E7A6C /* MoviesViewController.swift */,
				C8056E392249F9B300CEEE24 /* MovieDetailViewController.swift */,
			);
			path = "View Controllers";
			sourceTree = "<group>";
		};
		C8516E5A2249D9ED001E7A6C /* Resources */ = {
			isa = PBXGroup;
			children = (
				C8516E3E2249D58B001E7A6C /* Assets.xcassets */,
				C8516E432249D58B001E7A6C /* Info.plist */,
				C8516E402249D58B001E7A6C /* LaunchScreen.storyboard */,
			);
			path = Resources;
			sourceTree = "<group>";
		};
		C8516E5B2249DA0F001E7A6C /* Data Structures */ = {
			isa = PBXGroup;
			children = (
				C8516E572249D72C001E7A6C /* LRUCache.swift */,
			);
			path = "Data Structures";
			sourceTree = "<group>";
		};
		C8516E5C2249DA29001E7A6C /* Network */ = {
			isa = PBXGroup;
			children = (
				C8516E5F2249DFB9001E7A6C /* TubiAPI.swift */,
			);
			path = Network;
			sourceTree = "<group>";
		};
/* End PBXGroup section */

/* Begin PBXNativeTarget section */
		C8516E332249D588001E7A6C /* Tubi */ = {
			isa = PBXNativeTarget;
			buildConfigurationList = C8516E512249D58B001E7A6C /* Build configuration list for PBXNativeTarget "Tubi" */;
			buildPhases = (
				8B7774A0642E256B32D4FA2A /* [CP] Check Pods Manifest.lock */,
				C8516E302249D588001E7A6C /* Sources */,
				C8516E312249D588001E7A6C /* Frameworks */,
				C8516E322249D588001E7A6C /* Resources */,
				0333F7C9A3D6B3FCBFABD192 /* [CP] Embed Pods Frameworks */,
			);
			buildRules = (
			);
			dependencies = (
			);
			name = Tubi;
			productName = Tubi;
			productReference = C8516E342249D588001E7A6C /* Tubi.app */;
			productType = "com.apple.product-type.application";
		};
		C8516E472249D58B001E7A6C /* TubiTests */ = {
			isa = PBXNativeTarget;
			buildConfigurationList = C8516E542249D58B001E7A6C /* Build configuration list for PBXNativeTarget "TubiTests" */;
			buildPhases = (
				1C1BD7A878C16BA3FC7AF238 /* [CP] Check Pods Manifest.lock */,
				C8516E442249D58B001E7A6C /* Sources */,
				C8516E452249D58B001E7A6C /* Frameworks */,
				C8516E462249D58B001E7A6C /* Resources */,
			);
			buildRules = (
			);
			dependencies = (
				C8516E4A2249D58B001E7A6C /* PBXTargetDependency */,
			);
			name = TubiTests;
			productName = TubiTests;
			productReference = C8516E482249D58B001E7A6C /* TubiTests.xctest */;
			productType = "com.apple.product-type.bundle.unit-test";
		};
/* End PBXNativeTarget section */

/* Begin PBXProject section */
		C8516E2C2249D588001E7A6C /* Project object */ = {
			isa = PBXProject;
			attributes = {
				LastSwiftUpdateCheck = 1020;
				LastUpgradeCheck = 1020;
				ORGANIZATIONNAME = "Matthew Dyson";
				TargetAttributes = {
					C8516E332249D588001E7A6C = {
						CreatedOnToolsVersion = 10.2;
					};
					C8516E472249D58B001E7A6C = {
						CreatedOnToolsVersion = 10.2;
						TestTargetID = C8516E332249D588001E7A6C;
					};
				};
			};
			buildConfigurationList = C8516E2F2249D588001E7A6C /* Build configuration list for PBXProject "Tubi" */;
			compatibilityVersion = "Xcode 9.3";
			developmentRegion = en;
			hasScannedForEncodings = 0;
			knownRegions = (
				en,
				Base,
			);
			mainGroup = C8516E2B2249D588001E7A6C;
			productRefGroup = C8516E352249D588001E7A6C /* Products */;
			projectDirPath = "";
			projectRoot = "";
			targets = (
				C8516E332249D588001E7A6C /* Tubi */,
				C8516E472249D58B001E7A6C /* TubiTests */,
			);
		};
/* End PBXProject section */

/* Begin PBXResourcesBuildPhase section */
		C8516E322249D588001E7A6C /* Resources */ = {
			isa = PBXResourcesBuildPhase;
			buildActionMask = 2147483647;
			files = (
				C8516E422249D58B001E7A6C /* LaunchScreen.storyboard in Resources */,
				C8516E3F2249D58B001E7A6C /* Assets.xcassets in Resources */,
			);
			runOnlyForDeploymentPostprocessing = 0;
		};
		C8516E462249D58B001E7A6C /* Resources */ = {
			isa = PBXResourcesBuildPhase;
			buildActionMask = 2147483647;
			files = (
			);
			runOnlyForDeploymentPostprocessing = 0;
		};
/* End PBXResourcesBuildPhase section */

/* Begin PBXShellScriptBuildPhase section */
		0333F7C9A3D6B3FCBFABD192 /* [CP] Embed Pods Frameworks */ = {
			isa = PBXShellScriptBuildPhase;
			buildActionMask = 2147483647;
			files = (
			);
			inputFileListPaths = (
			);
			inputPaths = (
				"${PODS_ROOT}/Target Support Files/Pods-Tubi/Pods-Tubi-frameworks.sh",
				"${BUILT_PRODUCTS_DIR}/RxAtomic/RxAtomic.framework",
				"${BUILT_PRODUCTS_DIR}/RxCocoa/RxCocoa.framework",
				"${BUILT_PRODUCTS_DIR}/RxSwift/RxSwift.framework",
				"${BUILT_PRODUCTS_DIR}/SnapKit/SnapKit.framework",
			);
			name = "[CP] Embed Pods Frameworks";
			outputFileListPaths = (
			);
			outputPaths = (
				"${TARGET_BUILD_DIR}/${FRAMEWORKS_FOLDER_PATH}/RxAtomic.framework",
				"${TARGET_BUILD_DIR}/${FRAMEWORKS_FOLDER_PATH}/RxCocoa.framework",
				"${TARGET_BUILD_DIR}/${FRAMEWORKS_FOLDER_PATH}/RxSwift.framework",
				"${TARGET_BUILD_DIR}/${FRAMEWORKS_FOLDER_PATH}/SnapKit.framework",
			);
			runOnlyForDeploymentPostprocessing = 0;
			shellPath = /bin/sh;
			shellScript = "\"${PODS_ROOT}/Target Support Files/Pods-Tubi/Pods-Tubi-frameworks.sh\"\n";
			showEnvVarsInLog = 0;
		};
		1C1BD7A878C16BA3FC7AF238 /* [CP] Check Pods Manifest.lock */ = {
			isa = PBXShellScriptBuildPhase;
			buildActionMask = 2147483647;
			files = (
			);
			inputFileListPaths = (
			);
			inputPaths = (
				"${PODS_PODFILE_DIR_PATH}/Podfile.lock",
				"${PODS_ROOT}/Manifest.lock",
			);
			name = "[CP] Check Pods Manifest.lock";
			outputFileListPaths = (
			);
			outputPaths = (
				"$(DERIVED_FILE_DIR)/Pods-TubiTests-checkManifestLockResult.txt",
			);
			runOnlyForDeploymentPostprocessing = 0;
			shellPath = /bin/sh;
			shellScript = "diff \"${PODS_PODFILE_DIR_PATH}/Podfile.lock\" \"${PODS_ROOT}/Manifest.lock\" > /dev/null\nif [ $? != 0 ] ; then\n    # print error to STDERR\n    echo \"error: The sandbox is not in sync with the Podfile.lock. Run 'pod install' or update your CocoaPods installation.\" >&2\n    exit 1\nfi\n# This output is used by Xcode 'outputs' to avoid re-running this script phase.\necho \"SUCCESS\" > \"${SCRIPT_OUTPUT_FILE_0}\"\n";
			showEnvVarsInLog = 0;
		};
		8B7774A0642E256B32D4FA2A /* [CP] Check Pods Manifest.lock */ = {
			isa = PBXShellScriptBuildPhase;
			buildActionMask = 2147483647;
			files = (
			);
			inputFileListPaths = (
			);
			inputPaths = (
				"${PODS_PODFILE_DIR_PATH}/Podfile.lock",
				"${PODS_ROOT}/Manifest.lock",
			);
			name = "[CP] Check Pods Manifest.lock";
			outputFileListPaths = (
			);
			outputPaths = (
				"$(DERIVED_FILE_DIR)/Pods-Tubi-checkManifestLockResult.txt",
			);
			runOnlyForDeploymentPostprocessing = 0;
			shellPath = /bin/sh;
			shellScript = "diff \"${PODS_PODFILE_DIR_PATH}/Podfile.lock\" \"${PODS_ROOT}/Manifest.lock\" > /dev/null\nif [ $? != 0 ] ; then\n    # print error to STDERR\n    echo \"error: The sandbox is not in sync with the Podfile.lock. Run 'pod install' or update your CocoaPods installation.\" >&2\n    exit 1\nfi\n# This output is used by Xcode 'outputs' to avoid re-running this script phase.\necho \"SUCCESS\" > \"${SCRIPT_OUTPUT_FILE_0}\"\n";
			showEnvVarsInLog = 0;
		};
/* End PBXShellScriptBuildPhase section */

/* Begin PBXSourcesBuildPhase section */
		C8516E302249D588001E7A6C /* Sources */ = {
			isa = PBXSourcesBuildPhase;
			buildActionMask = 2147483647;
			files = (
				C8516E582249D72C001E7A6C /* LRUCache.swift in Sources */,
				C8516E622249E819001E7A6C /* MoviesViewController.swift in Sources */,
				C8056E382249F38800CEEE24 /* MovieItem.swift in Sources */,
				C8103D72224CB238001D2E28 /* UIViewControllerExtensions.swift in Sources */,
				C8103D6E224CA086001D2E28 /* Services.swift in Sources */,
				C8103D6C224C95DD001D2E28 /* MovieCaching.swift in Sources */,
				C8056E322249EA1F00CEEE24 /* MovieCollectionViewCell.swift in Sources */,
				C8056E3A2249F9B300CEEE24 /* MovieDetailViewController.swift in Sources */,
				C8516E602249DFB9001E7A6C /* TubiAPI.swift in Sources */,
				C8056E352249F0AA00CEEE24 /* UIImageViewExtensions.swift in Sources */,
				C8103D6A224C95A1001D2E28 /* MovieService.swift in Sources */,
				C8103D70224CAF06001D2E28 /* UIAlertControllerExtensions.swift in Sources */,
				C8516E382249D588001E7A6C /* AppDelegate.swift in Sources */,
			);
			runOnlyForDeploymentPostprocessing = 0;
		};
		C8516E442249D58B001E7A6C /* Sources */ = {
			isa = PBXSourcesBuildPhase;
			buildActionMask = 2147483647;
			files = (
				C8516E4D2249D58B001E7A6C /* LRUCacheTests.swift in Sources */,
			);
			runOnlyForDeploymentPostprocessing = 0;
		};
/* End PBXSourcesBuildPhase section */

/* Begin PBXTargetDependency section */
		C8516E4A2249D58B001E7A6C /* PBXTargetDependency */ = {
			isa = PBXTargetDependency;
			target = C8516E332249D588001E7A6C /* Tubi */;
			targetProxy = C8516E492249D58B001E7A6C /* PBXContainerItemProxy */;
		};
/* End PBXTargetDependency section */

/* Begin PBXVariantGroup section */
		C8516E402249D58B001E7A6C /* LaunchScreen.storyboard */ = {
			isa = PBXVariantGroup;
			children = (
				C8516E412249D58B001E7A6C /* Base */,
			);
			name = LaunchScreen.storyboard;
			sourceTree = "<group>";
		};
/* End PBXVariantGroup section */

/* Begin XCBuildConfiguration section */
		C8516E4F2249D58B001E7A6C /* Debug */ = {
			isa = XCBuildConfiguration;
			buildSettings = {
				ALWAYS_SEARCH_USER_PATHS = NO;
				CLANG_ANALYZER_NONNULL = YES;
				CLANG_ANALYZER_NUMBER_OBJECT_CONVERSION = YES_AGGRESSIVE;
				CLANG_CXX_LANGUAGE_STANDARD = "gnu++14";
				CLANG_CXX_LIBRARY = "libc++";
				CLANG_ENABLE_MODULES = YES;
				CLANG_ENABLE_OBJC_ARC = YES;
				CLANG_ENABLE_OBJC_WEAK = YES;
				CLANG_WARN_BLOCK_CAPTURE_AUTORELEASING = YES;
				CLANG_WARN_BOOL_CONVERSION = YES;
				CLANG_WARN_COMMA = YES;
				CLANG_WARN_CONSTANT_CONVERSION = YES;
				CLANG_WARN_DEPRECATED_OBJC_IMPLEMENTATIONS = YES;
				CLANG_WARN_DIRECT_OBJC_ISA_USAGE = YES_ERROR;
				CLANG_WARN_DOCUMENTATION_COMMENTS = YES;
				CLANG_WARN_EMPTY_BODY = YES;
				CLANG_WARN_ENUM_CONVERSION = YES;
				CLANG_WARN_INFINITE_RECURSION = YES;
				CLANG_WARN_INT_CONVERSION = YES;
				CLANG_WARN_NON_LITERAL_NULL_CONVERSION = YES;
				CLANG_WARN_OBJC_IMPLICIT_RETAIN_SELF = YES;
				CLANG_WARN_OBJC_LITERAL_CONVERSION = YES;
				CLANG_WARN_OBJC_ROOT_CLASS = YES_ERROR;
				CLANG_WARN_RANGE_LOOP_ANALYSIS = YES;
				CLANG_WARN_STRICT_PROTOTYPES = YES;
				CLANG_WARN_SUSPICIOUS_MOVE = YES;
				CLANG_WARN_UNGUARDED_AVAILABILITY = YES_AGGRESSIVE;
				CLANG_WARN_UNREACHABLE_CODE = YES;
				CLANG_WARN__DUPLICATE_METHOD_MATCH = YES;
				CODE_SIGN_IDENTITY = "iPhone Developer";
				COPY_PHASE_STRIP = NO;
				DEBUG_INFORMATION_FORMAT = dwarf;
				ENABLE_STRICT_OBJC_MSGSEND = YES;
				ENABLE_TESTABILITY = YES;
				GCC_C_LANGUAGE_STANDARD = gnu11;
				GCC_DYNAMIC_NO_PIC = NO;
				GCC_NO_COMMON_BLOCKS = YES;
				GCC_OPTIMIZATION_LEVEL = 0;
				GCC_PREPROCESSOR_DEFINITIONS = (
					"DEBUG=1",
					"$(inherited)",
				);
				GCC_WARN_64_TO_32_BIT_CONVERSION = YES;
				GCC_WARN_ABOUT_RETURN_TYPE = YES_ERROR;
				GCC_WARN_UNDECLARED_SELECTOR = YES;
				GCC_WARN_UNINITIALIZED_AUTOS = YES_AGGRESSIVE;
				GCC_WARN_UNUSED_FUNCTION = YES;
				GCC_WARN_UNUSED_VARIABLE = YES;
				IPHONEOS_DEPLOYMENT_TARGET = 12.2;
				MTL_ENABLE_DEBUG_INFO = INCLUDE_SOURCE;
				MTL_FAST_MATH = YES;
				ONLY_ACTIVE_ARCH = YES;
				SDKROOT = iphoneos;
				SWIFT_ACTIVE_COMPILATION_CONDITIONS = DEBUG;
				SWIFT_OPTIMIZATION_LEVEL = "-Onone";
			};
			name = Debug;
		};
		C8516E502249D58B001E7A6C /* Release */ = {
			isa = XCBuildConfiguration;
			buildSettings = {
				ALWAYS_SEARCH_USER_PATHS = NO;
				CLANG_ANALYZER_NONNULL = YES;
				CLANG_ANALYZER_NUMBER_OBJECT_CONVERSION = YES_AGGRESSIVE;
				CLANG_CXX_LANGUAGE_STANDARD = "gnu++14";
				CLANG_CXX_LIBRARY = "libc++";
				CLANG_ENABLE_MODULES = YES;
				CLANG_ENABLE_OBJC_ARC = YES;
				CLANG_ENABLE_OBJC_WEAK = YES;
				CLANG_WARN_BLOCK_CAPTURE_AUTORELEASING = YES;
				CLANG_WARN_BOOL_CONVERSION = YES;
				CLANG_WARN_COMMA = YES;
				CLANG_WARN_CONSTANT_CONVERSION = YES;
				CLANG_WARN_DEPRECATED_OBJC_IMPLEMENTATIONS = YES;
				CLANG_WARN_DIRECT_OBJC_ISA_USAGE = YES_ERROR;
				CLANG_WARN_DOCUMENTATION_COMMENTS = YES;
				CLANG_WARN_EMPTY_BODY = YES;
				CLANG_WARN_ENUM_CONVERSION = YES;
				CLANG_WARN_INFINITE_RECURSION = YES;
				CLANG_WARN_INT_CONVERSION = YES;
				CLANG_WARN_NON_LITERAL_NULL_CONVERSION = YES;
				CLANG_WARN_OBJC_IMPLICIT_RETAIN_SELF = YES;
				CLANG_WARN_OBJC_LITERAL_CONVERSION = YES;
				CLANG_WARN_OBJC_ROOT_CLASS = YES_ERROR;
				CLANG_WARN_RANGE_LOOP_ANALYSIS = YES;
				CLANG_WARN_STRICT_PROTOTYPES = YES;
				CLANG_WARN_SUSPICIOUS_MOVE = YES;
				CLANG_WARN_UNGUARDED_AVAILABILITY = YES_AGGRESSIVE;
				CLANG_WARN_UNREACHABLE_CODE = YES;
				CLANG_WARN__DUPLICATE_METHOD_MATCH = YES;
				CODE_SIGN_IDENTITY = "iPhone Developer";
				COPY_PHASE_STRIP = NO;
				DEBUG_INFORMATION_FORMAT = "dwarf-with-dsym";
				ENABLE_NS_ASSERTIONS = NO;
				ENABLE_STRICT_OBJC_MSGSEND = YES;
				GCC_C_LANGUAGE_STANDARD = gnu11;
				GCC_NO_COMMON_BLOCKS = YES;
				GCC_WARN_64_TO_32_BIT_CONVERSION = YES;
				GCC_WARN_ABOUT_RETURN_TYPE = YES_ERROR;
				GCC_WARN_UNDECLARED_SELECTOR = YES;
				GCC_WARN_UNINITIALIZED_AUTOS = YES_AGGRESSIVE;
				GCC_WARN_UNUSED_FUNCTION = YES;
				GCC_WARN_UNUSED_VARIABLE = YES;
				IPHONEOS_DEPLOYMENT_TARGET = 12.2;
				MTL_ENABLE_DEBUG_INFO = NO;
				MTL_FAST_MATH = YES;
				SDKROOT = iphoneos;
				SWIFT_COMPILATION_MODE = wholemodule;
				SWIFT_OPTIMIZATION_LEVEL = "-O";
				VALIDATE_PRODUCT = YES;
			};
			name = Release;
		};
		C8516E522249D58B001E7A6C /* Debug */ = {
			isa = XCBuildConfiguration;
			baseConfigurationReference = 4D4915C1924D2306F2C7BFDB /* Pods-Tubi.debug.xcconfig */;
			buildSettings = {
				ASSETCATALOG_COMPILER_APPICON_NAME = AppIcon;
				CODE_SIGN_STYLE = Automatic;
				DEVELOPMENT_TEAM = S2962X95VM;
				INFOPLIST_FILE = Tubi/Resources/Info.plist;
				LD_RUNPATH_SEARCH_PATHS = (
					"$(inherited)",
					"@executable_path/Frameworks",
				);
				PRODUCT_BUNDLE_IDENTIFIER = com.dyson.Tubi;
				PRODUCT_NAME = "$(TARGET_NAME)";
				SWIFT_VERSION = 5.0;
				TARGETED_DEVICE_FAMILY = "1,2";
			};
			name = Debug;
		};
		C8516E532249D58B001E7A6C /* Release */ = {
			isa = XCBuildConfiguration;
			baseConfigurationReference = 563B3D4BE66CB17DF2D3F947 /* Pods-Tubi.release.xcconfig */;
			buildSettings = {
				ASSETCATALOG_COMPILER_APPICON_NAME = AppIcon;
				CODE_SIGN_STYLE = Automatic;
				DEVELOPMENT_TEAM = S2962X95VM;
				INFOPLIST_FILE = Tubi/Resources/Info.plist;
				LD_RUNPATH_SEARCH_PATHS = (
					"$(inherited)",
					"@executable_path/Frameworks",
				);
				PRODUCT_BUNDLE_IDENTIFIER = com.dyson.Tubi;
				PRODUCT_NAME = "$(TARGET_NAME)";
				SWIFT_VERSION = 5.0;
				TARGETED_DEVICE_FAMILY = "1,2";
			};
			name = Release;
		};
		C8516E552249D58B001E7A6C /* Debug */ = {
			isa = XCBuildConfiguration;
			baseConfigurationReference = B415B2D5FA3E9FAB6C8D1A0A /* Pods-TubiTests.debug.xcconfig */;
			buildSettings = {
				ALWAYS_EMBED_SWIFT_STANDARD_LIBRARIES = YES;
				BUNDLE_LOADER = "$(TEST_HOST)";
				CODE_SIGN_STYLE = Automatic;
				INFOPLIST_FILE = TubiTests/Info.plist;
				LD_RUNPATH_SEARCH_PATHS = (
					"$(inherited)",
					"@executable_path/Frameworks",
					"@loader_path/Frameworks",
				);
				PRODUCT_BUNDLE_IDENTIFIER = com.dyson.TubiTests;
				PRODUCT_NAME = "$(TARGET_NAME)";
				SWIFT_VERSION = 5.0;
				TARGETED_DEVICE_FAMILY = "1,2";
				TEST_HOST = "$(BUILT_PRODUCTS_DIR)/Tubi.app/Tubi";
			};
			name = Debug;
		};
		C8516E562249D58B001E7A6C /* Release */ = {
			isa = XCBuildConfiguration;
			baseConfigurationReference = 2F9810D78F549921F8B47EF8 /* Pods-TubiTests.release.xcconfig */;
			buildSettings = {
				ALWAYS_EMBED_SWIFT_STANDARD_LIBRARIES = YES;
				BUNDLE_LOADER = "$(TEST_HOST)";
				CODE_SIGN_STYLE = Automatic;
				INFOPLIST_FILE = TubiTests/Info.plist;
				LD_RUNPATH_SEARCH_PATHS = (
					"$(inherited)",
					"@executable_path/Frameworks",
					"@loader_path/Frameworks",
				);
				PRODUCT_BUNDLE_IDENTIFIER = com.dyson.TubiTests;
				PRODUCT_NAME = "$(TARGET_NAME)";
				SWIFT_VERSION = 5.0;
				TARGETED_DEVICE_FAMILY = "1,2";
				TEST_HOST = "$(BUILT_PRODUCTS_DIR)/Tubi.app/Tubi";
			};
			name = Release;
		};
/* End XCBuildConfiguration section */

/* Begin XCConfigurationList section */
		C8516E2F2249D588001E7A6C /* Build configuration list for PBXProject "Tubi" */ = {
			isa = XCConfigurationList;
			buildConfigurations = (
				C8516E4F2249D58B001E7A6C /* Debug */,
				C8516E502249D58B001E7A6C /* Release */,
			);
			defaultConfigurationIsVisible = 0;
			defaultConfigurationName = Release;
		};
		C8516E512249D58B001E7A6C /* Build configuration list for PBXNativeTarget "Tubi" */ = {
			isa = XCConfigurationList;
			buildConfigurations = (
				C8516E522249D58B001E7A6C /* Debug */,
				C8516E532249D58B001E7A6C /* Release */,
			);
			defaultConfigurationIsVisible = 0;
			defaultConfigurationName = Release;
		};
		C8516E542249D58B001E7A6C /* Build configuration list for PBXNativeTarget "TubiTests" */ = {
			isa = XCConfigurationList;
			buildConfigurations = (
				C8516E552249D58B001E7A6C /* Debug */,
				C8516E562249D58B001E7A6C /* Release */,
			);
			defaultConfigurationIsVisible = 0;
			defaultConfigurationName = Release;
		};
/* End XCConfigurationList section */
	};
	rootObject = C8516E2C2249D588001E7A6C /* Project object */;
}
